// !$*UTF8*$!
{
	archiveVersion = 1;
	classes = {
	};
	objectVersion = 56;
	objects = {

/* Begin PBXBuildFile section */
		5F84338929C08FC500E23238 /* AppDelegate.swift in Sources */ = {isa = PBXBuildFile; fileRef = 5F84338829C08FC500E23238 /* AppDelegate.swift */; };
		5F84338B29C08FC500E23238 /* SceneDelegate.swift in Sources */ = {isa = PBXBuildFile; fileRef = 5F84338A29C08FC500E23238 /* SceneDelegate.swift */; };
		5F84338D29C08FC500E23238 /* ViewController.swift in Sources */ = {isa = PBXBuildFile; fileRef = 5F84338C29C08FC500E23238 /* ViewController.swift */; };
		5F84339029C08FC500E23238 /* Main.storyboard in Resources */ = {isa = PBXBuildFile; fileRef = 5F84338E29C08FC500E23238 /* Main.storyboard */; };
		5F84339229C08FC500E23238 /* Assets.xcassets in Resources */ = {isa = PBXBuildFile; fileRef = 5F84339129C08FC500E23238 /* Assets.xcassets */; };
		5F84339529C08FC500E23238 /* LaunchScreen.storyboard in Resources */ = {isa = PBXBuildFile; fileRef = 5F84339329C08FC500E23238 /* LaunchScreen.storyboard */; };
		5F8433A029C08FC500E23238 /* TemperatureConverterTests.swift in Sources */ = {isa = PBXBuildFile; fileRef = 5F84339F29C08FC500E23238 /* TemperatureConverterTests.swift */; };
		5F8433AA29C08FC500E23238 /* TemperatureConverterUITests.swift in Sources */ = {isa = PBXBuildFile; fileRef = 5F8433A929C08FC500E23238 /* TemperatureConverterUITests.swift */; };
		5F8433AC29C08FC500E23238 /* TemperatureConverterUITestsLaunchTests.swift in Sources */ = {isa = PBXBuildFile; fileRef = 5F8433AB29C08FC500E23238 /* TemperatureConverterUITestsLaunchTests.swift */; };
		5F8433B929C0997500E23238 /* CelsiusConverter.swift in Sources */ = {isa = PBXBuildFile; fileRef = 5F8433B829C0997500E23238 /* CelsiusConverter.swift */; };
/* End PBXBuildFile section */

/* Begin PBXContainerItemProxy section */
		5F84339C29C08FC500E23238 /* PBXContainerItemProxy */ = {
			isa = PBXContainerItemProxy;
			containerPortal = 5F84337D29C08FC400E23238 /* Project object */;
			proxyType = 1;
			remoteGlobalIDString = 5F84338429C08FC400E23238;
			remoteInfo = TemperatureConverter;
		};
		5F8433A629C08FC500E23238 /* PBXContainerItemProxy */ = {
			isa = PBXContainerItemProxy;
			containerPortal = 5F84337D29C08FC400E23238 /* Project object */;
			proxyType = 1;
			remoteGlobalIDString = 5F84338429C08FC400E23238;
			remoteInfo = TemperatureConverter;
		};
/* End PBXContainerItemProxy section */

/* Begin PBXFileReference section */
		5F84338529C08FC500E23238 /* TemperatureConverter.app */ = {isa = PBXFileReference; explicitFileType = wrapper.application; includeInIndex = 0; path = TemperatureConverter.app; sourceTree = BUILT_PRODUCTS_DIR; };
		5F84338829C08FC500E23238 /* AppDelegate.swift */ = {isa = PBXFileReference; lastKnownFileType = sourcecode.swift; path = AppDelegate.swift; sourceTree = "<group>"; };
		5F84338A29C08FC500E23238 /* SceneDelegate.swift */ = {isa = PBXFileReference; lastKnownFileType = sourcecode.swift; path = SceneDelegate.swift; sourceTree = "<group>"; };
		5F84338C29C08FC500E23238 /* ViewController.swift */ = {isa = PBXFileReference; lastKnownFileType = sourcecode.swift; path = ViewController.swift; sourceTree = "<group>"; };
		5F84338F29C08FC500E23238 /* Base */ = {isa = PBXFileReference; lastKnownFileType = file.storyboard; name = Base; path = Base.lproj/Main.storyboard; sourceTree = "<group>"; };
		5F84339129C08FC500E23238 /* Assets.xcassets */ = {isa = PBXFileReference; lastKnownFileType = folder.assetcatalog; path = Assets.xcassets; sourceTree = "<group>"; };
		5F84339429C08FC500E23238 /* Base */ = {isa = PBXFileReference; lastKnownFileType = file.storyboard; name = Base; path = Base.lproj/LaunchScreen.storyboard; sourceTree = "<group>"; };
		5F84339629C08FC500E23238 /* Info.plist */ = {isa = PBXFileReference; lastKnownFileType = text.plist.xml; path = Info.plist; sourceTree = "<group>"; };
		5F84339B29C08FC500E23238 /* TemperatureConverterTests.xctest */ = {isa = PBXFileReference; explicitFileType = wrapper.cfbundle; includeInIndex = 0; path = TemperatureConverterTests.xctest; sourceTree = BUILT_PRODUCTS_DIR; };
		5F84339F29C08FC500E23238 /* TemperatureConverterTests.swift */ = {isa = PBXFileReference; lastKnownFileType = sourcecode.swift; path = TemperatureConverterTests.swift; sourceTree = "<group>"; };
		5F8433A529C08FC500E23238 /* TemperatureConverterUITests.xctest */ = {isa = PBXFileReference; explicitFileType = wrapper.cfbundle; includeInIndex = 0; path = TemperatureConverterUITests.xctest; sourceTree = BUILT_PRODUCTS_DIR; };
		5F8433A929C08FC500E23238 /* TemperatureConverterUITests.swift */ = {isa = PBXFileReference; lastKnownFileType = sourcecode.swift; path = TemperatureConverterUITests.swift; sourceTree = "<group>"; };
		5F8433AB29C08FC500E23238 /* TemperatureConverterUITestsLaunchTests.swift */ = {isa = PBXFileReference; lastKnownFileType = sourcecode.swift; path = TemperatureConverterUITestsLaunchTests.swift; sourceTree = "<group>"; };
		5F8433B829C0997500E23238 /* CelsiusConverter.swift */ = {isa = PBXFileReference; lastKnownFileType = sourcecode.swift; path = CelsiusConverter.swift; sourceTree = "<group>"; };
/* End PBXFileReference section */

/* Begin PBXFrameworksBuildPhase section */
		5F84338229C08FC400E23238 /* Frameworks */ = {
			isa = PBXFrameworksBuildPhase;
			buildActionMask = 2147483647;
			files = (
			);
			runOnlyForDeploymentPostprocessing = 0;
		};
		5F84339829C08FC500E23238 /* Frameworks */ = {
			isa = PBXFrameworksBuildPhase;
			buildActionMask = 2147483647;
			files = (
			);
			runOnlyForDeploymentPostprocessing = 0;
		};
		5F8433A229C08FC500E23238 /* Frameworks */ = {
			isa = PBXFrameworksBuildPhase;
			buildActionMask = 2147483647;
			files = (
			);
			runOnlyForDeploymentPostprocessing = 0;
		};
/* End PBXFrameworksBuildPhase section */

/* Begin PBXGroup section */
		5F84337C29C08FC400E23238 = {
			isa = PBXGroup;
			children = (
				5F84338729C08FC500E23238 /* TemperatureConverter */,
				5F84339E29C08FC500E23238 /* TemperatureConverterTests */,
				5F8433A829C08FC500E23238 /* TemperatureConverterUITests */,
				5F84338629C08FC500E23238 /* Products */,
			);
			sourceTree = "<group>";
		};
		5F84338629C08FC500E23238 /* Products */ = {
			isa = PBXGroup;
			children = (
				5F84338529C08FC500E23238 /* TemperatureConverter.app */,
				5F84339B29C08FC500E23238 /* TemperatureConverterTests.xctest */,
				5F8433A529C08FC500E23238 /* TemperatureConverterUITests.xctest */,
			);
			name = Products;
			sourceTree = "<group>";
		};
		5F84338729C08FC500E23238 /* TemperatureConverter */ = {
			isa = PBXGroup;
			children = (
				5F84338829C08FC500E23238 /* AppDelegate.swift */,
				5F84338A29C08FC500E23238 /* SceneDelegate.swift */,
				5F84338C29C08FC500E23238 /* ViewController.swift */,
				5F84338E29C08FC500E23238 /* Main.storyboard */,
				5F84339129C08FC500E23238 /* Assets.xcassets */,
				5F84339329C08FC500E23238 /* LaunchScreen.storyboard */,
				5F84339629C08FC500E23238 /* Info.plist */,
				5F8433B829C0997500E23238 /* CelsiusConverter.swift */,
			);
			path = TemperatureConverter;
			sourceTree = "<group>";
		};
		5F84339E29C08FC500E23238 /* TemperatureConverterTests */ = {
			isa = PBXGroup;
			children = (
				5F84339F29C08FC500E23238 /* TemperatureConverterTests.swift */,
			);
			path = TemperatureConverterTests;
			sourceTree = "<group>";
		};
		5F8433A829C08FC500E23238 /* TemperatureConverterUITests */ = {
			isa = PBXGroup;
			children = (
				5F8433A929C08FC500E23238 /* TemperatureConverterUITests.swift */,
				5F8433AB29C08FC500E23238 /* TemperatureConverterUITestsLaunchTests.swift */,
			);
			path = TemperatureConverterUITests;
			sourceTree = "<group>";
		};
/* End PBXGroup section */

/* Begin PBXNativeTarget section */
		5F84338429C08FC400E23238 /* TemperatureConverter */ = {
			isa = PBXNativeTarget;
			buildConfigurationList = 5F8433AF29C08FC500E23238 /* Build configuration list for PBXNativeTarget "TemperatureConverter" */;
			buildPhases = (
				5F84338129C08FC400E23238 /* Sources */,
				5F84338229C08FC400E23238 /* Frameworks */,
				5F84338329C08FC400E23238 /* Resources */,
			);
			buildRules = (
			);
			dependencies = (
			);
			name = TemperatureConverter;
			productName = TemperatureConverter;
			productReference = 5F84338529C08FC500E23238 /* TemperatureConverter.app */;
			productType = "com.apple.product-type.application";
		};
		5F84339A29C08FC500E23238 /* TemperatureConverterTests */ = {
			isa = PBXNativeTarget;
			buildConfigurationList = 5F8433B229C08FC500E23238 /* Build configuration list for PBXNativeTarget "TemperatureConverterTests" */;
			buildPhases = (
				5F84339729C08FC500E23238 /* Sources */,
				5F84339829C08FC500E23238 /* Frameworks */,
				5F84339929C08FC500E23238 /* Resources */,
			);
			buildRules = (
			);
			dependencies = (
				5F84339D29C08FC500E23238 /* PBXTargetDependency */,
			);
			name = TemperatureConverterTests;
			productName = TemperatureConverterTests;
			productReference = 5F84339B29C08FC500E23238 /* TemperatureConverterTests.xctest */;
			productType = "com.apple.product-type.bundle.unit-test";
		};
		5F8433A429C08FC500E23238 /* TemperatureConverterUITests */ = {
			isa = PBXNativeTarget;
			buildConfigurationList = 5F8433B529C08FC500E23238 /* Build configuration list for PBXNativeTarget "TemperatureConverterUITests" */;
			buildPhases = (
				5F8433A129C08FC500E23238 /* Sources */,
				5F8433A229C08FC500E23238 /* Frameworks */,
				5F8433A329C08FC500E23238 /* Resources */,
			);
			buildRules = (
			);
			dependencies = (
				5F8433A729C08FC500E23238 /* PBXTargetDependency */,
			);
			name = TemperatureConverterUITests;
			productName = TemperatureConverterUITests;
			productReference = 5F8433A529C08FC500E23238 /* TemperatureConverterUITests.xctest */;
			productType = "com.apple.product-type.bundle.ui-testing";
		};
/* End PBXNativeTarget section */

/* Begin PBXProject section */
		5F84337D29C08FC400E23238 /* Project object */ = {
			isa = PBXProject;
			attributes = {
				BuildIndependentTargetsInParallel = 1;
				LastSwiftUpdateCheck = 1420;
				LastUpgradeCheck = 1420;
				TargetAttributes = {
					5F84338429C08FC400E23238 = {
						CreatedOnToolsVersion = 14.2;
					};
					5F84339A29C08FC500E23238 = {
						CreatedOnToolsVersion = 14.2;
						TestTargetID = 5F84338429C08FC400E23238;
					};
					5F8433A429C08FC500E23238 = {
						CreatedOnToolsVersion = 14.2;
						TestTargetID = 5F84338429C08FC400E23238;
					};
				};
			};
			buildConfigurationList = 5F84338029C08FC400E23238 /* Build configuration list for PBXProject "TemperatureConverter" */;
			compatibilityVersion = "Xcode 14.0";
			developmentRegion = en;
			hasScannedForEncodings = 0;
			knownRegions = (
				en,
				Base,
			);
			mainGroup = 5F84337C29C08FC400E23238;
			productRefGroup = 5F84338629C08FC500E23238 /* Products */;
			projectDirPath = "";
			projectRoot = "";
			targets = (
				5F84338429C08FC400E23238 /* TemperatureConverter */,
				5F84339A29C08FC500E23238 /* TemperatureConverterTests */,
				5F8433A429C08FC500E23238 /* TemperatureConverterUITests */,
			);
		};
/* End PBXProject section */

/* Begin PBXResourcesBuildPhase section */
		5F84338329C08FC400E23238 /* Resources */ = {
			isa = PBXResourcesBuildPhase;
			buildActionMask = 2147483647;
			files = (
				5F84339529C08FC500E23238 /* LaunchScreen.storyboard in Resources */,
				5F84339229C08FC500E23238 /* Assets.xcassets in Resources */,
				5F84339029C08FC500E23238 /* Main.storyboard in Resources */,
			);
			runOnlyForDeploymentPostprocessing = 0;
		};
		5F84339929C08FC500E23238 /* Resources */ = {
			isa = PBXResourcesBuildPhase;
			buildActionMask = 2147483647;
			files = (
			);
			runOnlyForDeploymentPostprocessing = 0;
		};
		5F8433A329C08FC500E23238 /* Resources */ = {
			isa = PBXResourcesBuildPhase;
			buildActionMask = 2147483647;
			files = (
			);
			runOnlyForDeploymentPostprocessing = 0;
		};
/* End PBXResourcesBuildPhase section */

/* Begin PBXSourcesBuildPhase section */
		5F84338129C08FC400E23238 /* Sources */ = {
			isa = PBXSourcesBuildPhase;
			buildActionMask = 2147483647;
			files = (
				5F84338D29C08FC500E23238 /* ViewController.swift in Sources */,
				5F8433B929C0997500E23238 /* CelsiusConverter.swift in Sources */,
				5F84338929C08FC500E23238 /* AppDelegate.swift in Sources */,
				5F84338B29C08FC500E23238 /* SceneDelegate.swift in Sources */,
			);
			runOnlyForDeploymentPostprocessing = 0;
		};
		5F84339729C08FC500E23238 /* Sources */ = {
			isa = PBXSourcesBuildPhase;
			buildActionMask = 2147483647;
			files = (
				5F8433A029C08FC500E23238 /* TemperatureConverterTests.swift in Sources */,
			);
			runOnlyForDeploymentPostprocessing = 0;
		};
		5F8433A129C08FC500E23238 /* Sources */ = {
			isa = PBXSourcesBuildPhase;
			buildActionMask = 2147483647;
			files = (
				5F8433AC29C08FC500E23238 /* TemperatureConverterUITestsLaunchTests.swift in Sources */,
				5F8433AA29C08FC500E23238 /* TemperatureConverterUITests.swift in Sources */,
			);
			runOnlyForDeploymentPostprocessing = 0;
		};
/* End PBXSourcesBuildPhase section */

/* Begin PBXTargetDependency section */
		5F84339D29C08FC500E23238 /* PBXTargetDependency */ = {
			isa = PBXTargetDependency;
			target = 5F84338429C08FC400E23238 /* TemperatureConverter */;
			targetProxy = 5F84339C29C08FC500E23238 /* PBXContainerItemProxy */;
		};
		5F8433A729C08FC500E23238 /* PBXTargetDependency */ = {
			isa = PBXTargetDependency;
			target = 5F84338429C08FC400E23238 /* TemperatureConverter */;
			targetProxy = 5F8433A629C08FC500E23238 /* PBXContainerItemProxy */;
		};
/* End PBXTargetDependency section */

/* Begin PBXVariantGroup section */
		5F84338E29C08FC500E23238 /* Main.storyboard */ = {
			isa = PBXVariantGroup;
			children = (
				5F84338F29C08FC500E23238 /* Base */,
			);
			name = Main.storyboard;
			sourceTree = "<group>";
		};
		5F84339329C08FC500E23238 /* LaunchScreen.storyboard */ = {
			isa = PBXVariantGroup;
			children = (
				5F84339429C08FC500E23238 /* Base */,
			);
			name = LaunchScreen.storyboard;
			sourceTree = "<group>";
		};
/* End PBXVariantGroup section */

/* Begin XCBuildConfiguration section */
		5F8433AD29C08FC500E23238 /* Debug */ = {
			isa = XCBuildConfiguration;
			buildSettings = {
				ALWAYS_SEARCH_USER_PATHS = NO;
				CLANG_ANALYZER_NONNULL = YES;
				CLANG_ANALYZER_NUMBER_OBJECT_CONVERSION = YES_AGGRESSIVE;
				CLANG_CXX_LANGUAGE_STANDARD = "gnu++20";
				CLANG_ENABLE_MODULES = YES;
				CLANG_ENABLE_OBJC_ARC = YES;
				CLANG_ENABLE_OBJC_WEAK = YES;
				CLANG_WARN_BLOCK_CAPTURE_AUTORELEASING = YES;
				CLANG_WARN_BOOL_CONVERSION = YES;
				CLANG_WARN_COMMA = YES;
				CLANG_WARN_CONSTANT_CONVERSION = YES;
				CLANG_WARN_DEPRECATED_OBJC_IMPLEMENTATIONS = YES;
				CLANG_WARN_DIRECT_OBJC_ISA_USAGE = YES_ERROR;
				CLANG_WARN_DOCUMENTATION_COMMENTS = YES;
				CLANG_WARN_EMPTY_BODY = YES;
				CLANG_WARN_ENUM_CONVERSION = YES;
				CLANG_WARN_INFINITE_RECURSION = YES;
				CLANG_WARN_INT_CONVERSION = YES;
				CLANG_WARN_NON_LITERAL_NULL_CONVERSION = YES;
				CLANG_WARN_OBJC_IMPLICIT_RETAIN_SELF = YES;
				CLANG_WARN_OBJC_LITERAL_CONVERSION = YES;
				CLANG_WARN_OBJC_ROOT_CLASS = YES_ERROR;
				CLANG_WARN_QUOTED_INCLUDE_IN_FRAMEWORK_HEADER = YES;
				CLANG_WARN_RANGE_LOOP_ANALYSIS = YES;
				CLANG_WARN_STRICT_PROTOTYPES = YES;
				CLANG_WARN_SUSPICIOUS_MOVE = YES;
				CLANG_WARN_UNGUARDED_AVAILABILITY = YES_AGGRESSIVE;
				CLANG_WARN_UNREACHABLE_CODE = YES;
				CLANG_WARN__DUPLICATE_METHOD_MATCH = YES;
				COPY_PHASE_STRIP = NO;
				DEBUG_INFORMATION_FORMAT = dwarf;
				ENABLE_STRICT_OBJC_MSGSEND = YES;
				ENABLE_TESTABILITY = YES;
				GCC_C_LANGUAGE_STANDARD = gnu11;
				GCC_DYNAMIC_NO_PIC = NO;
				GCC_NO_COMMON_BLOCKS = YES;
				GCC_OPTIMIZATION_LEVEL = 0;
				GCC_PREPROCESSOR_DEFINITIONS = (
					"DEBUG=1",
					"$(inherited)",
				);
				GCC_WARN_64_TO_32_BIT_CONVERSION = YES;
				GCC_WARN_ABOUT_RETURN_TYPE = YES_ERROR;
				GCC_WARN_UNDECLARED_SELECTOR = YES;
				GCC_WARN_UNINITIALIZED_AUTOS = YES_AGGRESSIVE;
				GCC_WARN_UNUSED_FUNCTION = YES;
				GCC_WARN_UNUSED_VARIABLE = YES;
				IPHONEOS_DEPLOYMENT_TARGET = 16.2;
				MTL_ENABLE_DEBUG_INFO = INCLUDE_SOURCE;
				MTL_FAST_MATH = YES;
				ONLY_ACTIVE_ARCH = YES;
				SDKROOT = iphoneos;
				SWIFT_ACTIVE_COMPILATION_CONDITIONS = DEBUG;
				SWIFT_OPTIMIZATION_LEVEL = "-Onone";
			};
			name = Debug;
		};
		5F8433AE29C08FC500E23238 /* Release */ = {
			isa = XCBuildConfiguration;
			buildSettings = {
				ALWAYS_SEARCH_USER_PATHS = NO;
				CLANG_ANALYZER_NONNULL = YES;
				CLANG_ANALYZER_NUMBER_OBJECT_CONVERSION = YES_AGGRESSIVE;
				CLANG_CXX_LANGUAGE_STANDARD = "gnu++20";
				CLANG_ENABLE_MODULES = YES;
				CLANG_ENABLE_OBJC_ARC = YES;
				CLANG_ENABLE_OBJC_WEAK = YES;
				CLANG_WARN_BLOCK_CAPTURE_AUTORELEASING = YES;
				CLANG_WARN_BOOL_CONVERSION = YES;
				CLANG_WARN_COMMA = YES;
				CLANG_WARN_CONSTANT_CONVERSION = YES;
				CLANG_WARN_DEPRECATED_OBJC_IMPLEMENTATIONS = YES;
				CLANG_WARN_DIRECT_OBJC_ISA_USAGE = YES_ERROR;
				CLANG_WARN_DOCUMENTATION_COMMENTS = YES;
				CLANG_WARN_EMPTY_BODY = YES;
				CLANG_WARN_ENUM_CONVERSION = YES;
				CLANG_WARN_INFINITE_RECURSION = YES;
				CLANG_WARN_INT_CONVERSION = YES;
				CLANG_WARN_NON_LITERAL_NULL_CONVERSION = YES;
				CLANG_WARN_OBJC_IMPLICIT_RETAIN_SELF = YES;
				CLANG_WARN_OBJC_LITERAL_CONVERSION = YES;
				CLANG_WARN_OBJC_ROOT_CLASS = YES_ERROR;
				CLANG_WARN_QUOTED_INCLUDE_IN_FRAMEWORK_HEADER = YES;
				CLANG_WARN_RANGE_LOOP_ANALYSIS = YES;
				CLANG_WARN_STRICT_PROTOTYPES = YES;
				CLANG_WARN_SUSPICIOUS_MOVE = YES;
				CLANG_WARN_UNGUARDED_AVAILABILITY = YES_AGGRESSIVE;
				CLANG_WARN_UNREACHABLE_CODE = YES;
				CLANG_WARN__DUPLICATE_METHOD_MATCH = YES;
				COPY_PHASE_STRIP = NO;
				DEBUG_INFORMATION_FORMAT = "dwarf-with-dsym";
				ENABLE_NS_ASSERTIONS = NO;
				ENABLE_STRICT_OBJC_MSGSEND = YES;
				GCC_C_LANGUAGE_STANDARD = gnu11;
				GCC_NO_COMMON_BLOCKS = YES;
				GCC_WARN_64_TO_32_BIT_CONVERSION = YES;
				GCC_WARN_ABOUT_RETURN_TYPE = YES_ERROR;
				GCC_WARN_UNDECLARED_SELECTOR = YES;
				GCC_WARN_UNINITIALIZED_AUTOS = YES_AGGRESSIVE;
				GCC_WARN_UNUSED_FUNCTION = YES;
				GCC_WARN_UNUSED_VARIABLE = YES;
				IPHONEOS_DEPLOYMENT_TARGET = 16.2;
				MTL_ENABLE_DEBUG_INFO = NO;
				MTL_FAST_MATH = YES;
				SDKROOT = iphoneos;
				SWIFT_COMPILATION_MODE = wholemodule;
				SWIFT_OPTIMIZATION_LEVEL = "-O";
				VALIDATE_PRODUCT = YES;
			};
			name = Release;
		};
		5F8433B029C08FC500E23238 /* Debug */ = {
			isa = XCBuildConfiguration;
			buildSettings = {
				ASSETCATALOG_COMPILER_APPICON_NAME = AppIcon;
				ASSETCATALOG_COMPILER_GLOBAL_ACCENT_COLOR_NAME = AccentColor;
				CODE_SIGN_STYLE = Automatic;
				CURRENT_PROJECT_VERSION = 1;
				GENERATE_INFOPLIST_FILE = YES;
				INFOPLIST_FILE = TemperatureConverter/Info.plist;
				INFOPLIST_KEY_UIApplicationSupportsIndirectInputEvents = YES;
				INFOPLIST_KEY_UILaunchStoryboardName = LaunchScreen;
				INFOPLIST_KEY_UIMainStoryboardFile = Main;
				INFOPLIST_KEY_UISupportedInterfaceOrientations_iPad = "UIInterfaceOrientationPortrait UIInterfaceOrientationPortraitUpsideDown UIInterfaceOrientationLandscapeLeft UIInterfaceOrientationLandscapeRight";
				INFOPLIST_KEY_UISupportedInterfaceOrientations_iPhone = "UIInterfaceOrientationPortrait UIInterfaceOrientationLandscapeLeft UIInterfaceOrientationLandscapeRight";
				LD_RUNPATH_SEARCH_PATHS = (
					"$(inherited)",
					"@executable_path/Frameworks",
				);
				MARKETING_VERSION = 1.0;
				PRODUCT_BUNDLE_IDENTIFIER = com.example.TemperatureConverter;
				PRODUCT_NAME = "$(TARGET_NAME)";
				SWIFT_EMIT_LOC_STRINGS = YES;
				SWIFT_VERSION = 5.0;
				TARGETED_DEVICE_FAMILY = "1,2";
			};
			name = Debug;
		};
		5F8433B129C08FC500E23238 /* Release */ = {
			isa = XCBuildConfiguration;
			buildSettings = {
				ASSETCATALOG_COMPILER_APPICON_NAME = AppIcon;
				ASSETCATALOG_COMPILER_GLOBAL_ACCENT_COLOR_NAME = AccentColor;
				CODE_SIGN_STYLE = Automatic;
				CURRENT_PROJECT_VERSION = 1;
				GENERATE_INFOPLIST_FILE = YES;
				INFOPLIST_FILE = TemperatureConverter/Info.plist;
				INFOPLIST_KEY_UIApplicationSupportsIndirectInputEvents = YES;
				INFOPLIST_KEY_UILaunchStoryboardName = LaunchScreen;
				INFOPLIST_KEY_UIMainStoryboardFile = Main;
				INFOPLIST_KEY_UISupportedInterfaceOrientations_iPad = "UIInterfaceOrientationPortrait UIInterfaceOrientationPortraitUpsideDown UIInterfaceOrientationLandscapeLeft UIInterfaceOrientationLandscapeRight";
				INFOPLIST_KEY_UISupportedInterfaceOrientations_iPhone = "UIInterfaceOrientationPortrait UIInterfaceOrientationLandscapeLeft UIInterfaceOrientationLandscapeRight";
				LD_RUNPATH_SEARCH_PATHS = (
					"$(inherited)",
					"@executable_path/Frameworks",
				);
				MARKETING_VERSION = 1.0;
				PRODUCT_BUNDLE_IDENTIFIER = com.example.TemperatureConverter;
				PRODUCT_NAME = "$(TARGET_NAME)";
				SWIFT_EMIT_LOC_STRINGS = YES;
				SWIFT_VERSION = 5.0;
				TARGETED_DEVICE_FAMILY = "1,2";
			};
			name = Release;
		};
		5F8433B329C08FC500E23238 /* Debug */ = {
			isa = XCBuildConfiguration;
			buildSettings = {
				ALWAYS_EMBED_SWIFT_STANDARD_LIBRARIES = YES;
				BUNDLE_LOADER = "$(TEST_HOST)";
				CODE_SIGN_STYLE = Automatic;
				CURRENT_PROJECT_VERSION = 1;
				GENERATE_INFOPLIST_FILE = YES;
				IPHONEOS_DEPLOYMENT_TARGET = 16.2;
				MARKETING_VERSION = 1.0;
				PRODUCT_BUNDLE_IDENTIFIER = com.example.TemperatureConverterTests;
				PRODUCT_NAME = "$(TARGET_NAME)";
				SWIFT_EMIT_LOC_STRINGS = NO;
				SWIFT_VERSION = 5.0;
				TARGETED_DEVICE_FAMILY = "1,2";
				TEST_HOST = "$(BUILT_PRODUCTS_DIR)/TemperatureConverter.app/$(BUNDLE_EXECUTABLE_FOLDER_PATH)/TemperatureConverter";
			};
			name = Debug;
		};
		5F8433B429C08FC500E23238 /* Release */ = {
			isa = XCBuildConfiguration;
			buildSettings = {
				ALWAYS_EMBED_SWIFT_STANDARD_LIBRARIES = YES;
				BUNDLE_LOADER = "$(TEST_HOST)";
				CODE_SIGN_STYLE = Automatic;
				CURRENT_PROJECT_VERSION = 1;
				GENERATE_INFOPLIST_FILE = YES;
				IPHONEOS_DEPLOYMENT_TARGET = 16.2;
				MARKETING_VERSION = 1.0;
				PRODUCT_BUNDLE_IDENTIFIER = com.example.TemperatureConverterTests;
				PRODUCT_NAME = "$(TARGET_NAME)";
				SWIFT_EMIT_LOC_STRINGS = NO;
				SWIFT_VERSION = 5.0;
				TARGETED_DEVICE_FAMILY = "1,2";
				TEST_HOST = "$(BUILT_PRODUCTS_DIR)/TemperatureConverter.app/$(BUNDLE_EXECUTABLE_FOLDER_PATH)/TemperatureConverter";
			};
			name = Release;
		};
		5F8433B629C08FC500E23238 /* Debug */ = {
			isa = XCBuildConfiguration;
			buildSettings = {
				ALWAYS_EMBED_SWIFT_STANDARD_LIBRARIES = YES;
				CODE_SIGN_STYLE = Automatic;
				CURRENT_PROJECT_VERSION = 1;
				GENERATE_INFOPLIST_FILE = YES;
				MARKETING_VERSION = 1.0;
				PRODUCT_BUNDLE_IDENTIFIER = com.example.TemperatureConverterUITests;
				PRODUCT_NAME = "$(TARGET_NAME)";
				SWIFT_EMIT_LOC_STRINGS = NO;
				SWIFT_VERSION = 5.0;
				TARGETED_DEVICE_FAMILY = "1,2";
				TEST_TARGET_NAME = TemperatureConverter;
			};
			name = Debug;
		};
		5F8433B729C08FC500E23238 /* Release */ = {
			isa = XCBuildConfiguration;
			buildSettings = {
				ALWAYS_EMBED_SWIFT_STANDARD_LIBRARIES = YES;
				CODE_SIGN_STYLE = Automatic;
				CURRENT_PROJECT_VERSION = 1;
				GENERATE_INFOPLIST_FILE = YES;
				MARKETING_VERSION = 1.0;
				PRODUCT_BUNDLE_IDENTIFIER = com.example.TemperatureConverterUITests;
				PRODUCT_NAME = "$(TARGET_NAME)";
				SWIFT_EMIT_LOC_STRINGS = NO;
				SWIFT_VERSION = 5.0;
				TARGETED_DEVICE_FAMILY = "1,2";
				TEST_TARGET_NAME = TemperatureConverter;
			};
			name = Release;
		};
/* End XCBuildConfiguration section */

/* Begin XCConfigurationList section */
		5F84338029C08FC400E23238 /* Build configuration list for PBXProject "TemperatureConverter" */ = {
			isa = XCConfigurationList;
			buildConfigurations = (
				5F8433AD29C08FC500E23238 /* Debug */,
				5F8433AE29C08FC500E23238 /* Release */,
			);
			defaultConfigurationIsVisible = 0;
			defaultConfigurationName = Release;
		};
		5F8433AF29C08FC500E23238 /* Build configuration list for PBXNativeTarget "TemperatureConverter" */ = {
			isa = XCConfigurationList;
			buildConfigurations = (
				5F8433B029C08FC500E23238 /* Debug */,
				5F8433B129C08FC500E23238 /* Release */,
			);
			defaultConfigurationIsVisible = 0;
			defaultConfigurationName = Release;
		};
		5F8433B229C08FC500E23238 /* Build configuration list for PBXNativeTarget "TemperatureConverterTests" */ = {
			isa = XCConfigurationList;
			buildConfigurations = (
				5F8433B329C08FC500E23238 /* Debug */,
				5F8433B429C08FC500E23238 /* Release */,
			);
			defaultConfigurationIsVisible = 0;
			defaultConfigurationName = Release;
		};
		5F8433B529C08FC500E23238 /* Build configuration list for PBXNativeTarget "TemperatureConverterUITests" */ = {
			isa = XCConfigurationList;
			buildConfigurations = (
				5F8433B629C08FC500E23238 /* Debug */,
				5F8433B729C08FC500E23238 /* Release */,
			);
			defaultConfigurationIsVisible = 0;
			defaultConfigurationName = Release;
		};
/* End XCConfigurationList section */
	};
	rootObject = 5F84337D29C08FC400E23238 /* Project object */;
}
